
Microsoft Visual Studio Solution File, Format Version 12.00
# Visual Studio Version 16
VisualStudioVersion = 16.0.31321.278
MinimumVisualStudioVersion = 10.0.40219.1
Project("{FAE04EC0-301F-11D3-BF4B-00C04F79EFBC}") = "CardChoiceSpawnUniqueCardPatch", "CardChoiceSpawnUniqueCardPatch\CardChoiceSpawnUniqueCardPatch.csproj", "{06CD9F54-D5C2-4229-B420-6974CA845AB2}"
EndProject
Global
	GlobalSection(SolutionConfigurationPlatforms) = preSolution
		Debug|Any CPU = Debug|Any CPU
		Release|Any CPU = Release|Any CPU
	EndGlobalSection
	GlobalSection(ProjectConfigurationPlatforms) = postSolution
		{06CD9F54-D5C2-4229-B420-6974CA845AB2}.Debug|Any CPU.ActiveCfg = Debug|Any CPU
		{06CD9F54-D5C2-4229-B420-6974CA845AB2}.Debug|Any CPU.Build.0 = Debug|Any CPU
		{06CD9F54-D5C2-4229-B420-6974CA845AB2}.Release|Any CPU.ActiveCfg = Release|Any CPU
		{06CD9F54-D5C2-4229-B420-6974CA845AB2}.Release|Any CPU.Build.0 = Release|Any CPU
	EndGlobalSection
	GlobalSection(SolutionProperties) = preSolution
		HideSolutionNode = FALSE
	EndGlobalSection
	GlobalSection(ExtensibilityGlobals) = postSolution
		SolutionGuid = {B689B33B-751C-4229-8858-C5FB26387AFE}
	EndGlobalSection
EndGlobal
